
Microsoft Visual Studio Solution File, Format Version 12.00
# Visual Studio 15
VisualStudioVersion = 15.0.26124.0
MinimumVisualStudioVersion = 15.0.26124.0
Project("{2150E333-8FDC-42A3-9474-1A3956D46DE8}") = "src", "src", "{B20D9928-B86C-4717-9CCD-A9C2AB4EC192}"
EndProject
Project("{FAE04EC0-301F-11D3-BF4B-00C04F79EFBC}") = "GuidBase64", "src\GuidBase64\GuidBase64.csproj", "{2C00D1A7-5689-4EF6-99A3-792383EE04C3}"
EndProject
Project("{2150E333-8FDC-42A3-9474-1A3956D46DE8}") = "tests", "tests", "{DA135DC6-D119-4C21-91C7-4720F203EF70}"
EndProject
Project("{FAE04EC0-301F-11D3-BF4B-00C04F79EFBC}") = "GuidBase64.UnitTests", "tests\GuidBase64.UnitTests\GuidBase64.UnitTests.csproj", "{355F0B49-00F4-499E-A441-C702DA947C2E}"
EndProject
Project("{FAE04EC0-301F-11D3-BF4B-00C04F79EFBC}") = "GuidBase64.TestWebApi", "tests\GuidBase64.TestWebApi\GuidBase64.TestWebApi.csproj", "{7904CEA2-C3D4-46F8-92BD-D9AE7244C28B}"
EndProject
Project("{FAE04EC0-301F-11D3-BF4B-00C04F79EFBC}") = "GuidBase64.IntegrationTests", "tests\GuidBase64.IntegrationTests\GuidBase64.IntegrationTests.csproj", "{0631C333-2C52-45B2-8123-D2A6BD65C30E}"
EndProject
Project("{FAE04EC0-301F-11D3-BF4B-00C04F79EFBC}") = "GuidBase64.CommonTestData", "tests\GuidBase64.CommonTestData\GuidBase64.CommonTestData.csproj", "{665F84DB-5F1D-4A2E-BE98-95E18A51D980}"
EndProject
Project("{FAE04EC0-301F-11D3-BF4B-00C04F79EFBC}") = "GuidBase64.PerformanceTests", "tests\GuidBase64.PerformanceTests\GuidBase64.PerformanceTests.csproj", "{8C97FB24-FCCC-4782-965F-07B1DB978040}"
EndProject
Global
	GlobalSection(SolutionConfigurationPlatforms) = preSolution
		Debug|Any CPU = Debug|Any CPU
		Debug|x64 = Debug|x64
		Debug|x86 = Debug|x86
		Release|Any CPU = Release|Any CPU
		Release|x64 = Release|x64
		Release|x86 = Release|x86
	EndGlobalSection
	GlobalSection(SolutionProperties) = preSolution
		HideSolutionNode = FALSE
	EndGlobalSection
	GlobalSection(ProjectConfigurationPlatforms) = postSolution
		{2C00D1A7-5689-4EF6-99A3-792383EE04C3}.Debug|Any CPU.ActiveCfg = Debug|Any CPU
		{2C00D1A7-5689-4EF6-99A3-792383EE04C3}.Debug|Any CPU.Build.0 = Debug|Any CPU
		{2C00D1A7-5689-4EF6-99A3-792383EE04C3}.Debug|x64.ActiveCfg = Debug|Any CPU
		{2C00D1A7-5689-4EF6-99A3-792383EE04C3}.Debug|x64.Build.0 = Debug|Any CPU
		{2C00D1A7-5689-4EF6-99A3-792383EE04C3}.Debug|x86.ActiveCfg = Debug|Any CPU
		{2C00D1A7-5689-4EF6-99A3-792383EE04C3}.Debug|x86.Build.0 = Debug|Any CPU
		{2C00D1A7-5689-4EF6-99A3-792383EE04C3}.Release|Any CPU.ActiveCfg = Release|Any CPU
		{2C00D1A7-5689-4EF6-99A3-792383EE04C3}.Release|Any CPU.Build.0 = Release|Any CPU
		{2C00D1A7-5689-4EF6-99A3-792383EE04C3}.Release|x64.ActiveCfg = Release|Any CPU
		{2C00D1A7-5689-4EF6-99A3-792383EE04C3}.Release|x64.Build.0 = Release|Any CPU
		{2C00D1A7-5689-4EF6-99A3-792383EE04C3}.Release|x86.ActiveCfg = Release|Any CPU
		{2C00D1A7-5689-4EF6-99A3-792383EE04C3}.Release|x86.Build.0 = Release|Any CPU
		{355F0B49-00F4-499E-A441-C702DA947C2E}.Debug|Any CPU.ActiveCfg = Debug|Any CPU
		{355F0B49-00F4-499E-A441-C702DA947C2E}.Debug|Any CPU.Build.0 = Debug|Any CPU
		{355F0B49-00F4-499E-A441-C702DA947C2E}.Debug|x64.ActiveCfg = Debug|Any CPU
		{355F0B49-00F4-499E-A441-C702DA947C2E}.Debug|x64.Build.0 = Debug|Any CPU
		{355F0B49-00F4-499E-A441-C702DA947C2E}.Debug|x86.ActiveCfg = Debug|Any CPU
		{355F0B49-00F4-499E-A441-C702DA947C2E}.Debug|x86.Build.0 = Debug|Any CPU
		{355F0B49-00F4-499E-A441-C702DA947C2E}.Release|Any CPU.ActiveCfg = Release|Any CPU
		{355F0B49-00F4-499E-A441-C702DA947C2E}.Release|Any CPU.Build.0 = Release|Any CPU
		{355F0B49-00F4-499E-A441-C702DA947C2E}.Release|x64.ActiveCfg = Release|Any CPU
		{355F0B49-00F4-499E-A441-C702DA947C2E}.Release|x64.Build.0 = Release|Any CPU
		{355F0B49-00F4-499E-A441-C702DA947C2E}.Release|x86.ActiveCfg = Release|Any CPU
		{355F0B49-00F4-499E-A441-C702DA947C2E}.Release|x86.Build.0 = Release|Any CPU
		{7904CEA2-C3D4-46F8-92BD-D9AE7244C28B}.Debug|Any CPU.ActiveCfg = Debug|Any CPU
		{7904CEA2-C3D4-46F8-92BD-D9AE7244C28B}.Debug|Any CPU.Build.0 = Debug|Any CPU
		{7904CEA2-C3D4-46F8-92BD-D9AE7244C28B}.Debug|x64.ActiveCfg = Debug|Any CPU
		{7904CEA2-C3D4-46F8-92BD-D9AE7244C28B}.Debug|x64.Build.0 = Debug|Any CPU
		{7904CEA2-C3D4-46F8-92BD-D9AE7244C28B}.Debug|x86.ActiveCfg = Debug|Any CPU
		{7904CEA2-C3D4-46F8-92BD-D9AE7244C28B}.Debug|x86.Build.0 = Debug|Any CPU
		{7904CEA2-C3D4-46F8-92BD-D9AE7244C28B}.Release|Any CPU.ActiveCfg = Release|Any CPU
		{7904CEA2-C3D4-46F8-92BD-D9AE7244C28B}.Release|Any CPU.Build.0 = Release|Any CPU
		{7904CEA2-C3D4-46F8-92BD-D9AE7244C28B}.Release|x64.ActiveCfg = Release|Any CPU
		{7904CEA2-C3D4-46F8-92BD-D9AE7244C28B}.Release|x64.Build.0 = Release|Any CPU
		{7904CEA2-C3D4-46F8-92BD-D9AE7244C28B}.Release|x86.ActiveCfg = Release|Any CPU
		{7904CEA2-C3D4-46F8-92BD-D9AE7244C28B}.Release|x86.Build.0 = Release|Any CPU
		{0631C333-2C52-45B2-8123-D2A6BD65C30E}.Debug|Any CPU.ActiveCfg = Debug|Any CPU
		{0631C333-2C52-45B2-8123-D2A6BD65C30E}.Debug|Any CPU.Build.0 = Debug|Any CPU
		{0631C333-2C52-45B2-8123-D2A6BD65C30E}.Debug|x64.ActiveCfg = Debug|Any CPU
		{0631C333-2C52-45B2-8123-D2A6BD65C30E}.Debug|x64.Build.0 = Debug|Any CPU
		{0631C333-2C52-45B2-8123-D2A6BD65C30E}.Debug|x86.ActiveCfg = Debug|Any CPU
		{0631C333-2C52-45B2-8123-D2A6BD65C30E}.Debug|x86.Build.0 = Debug|Any CPU
		{0631C333-2C52-45B2-8123-D2A6BD65C30E}.Release|Any CPU.ActiveCfg = Release|Any CPU
		{0631C333-2C52-45B2-8123-D2A6BD65C30E}.Release|Any CPU.Build.0 = Release|Any CPU
		{0631C333-2C52-45B2-8123-D2A6BD65C30E}.Release|x64.ActiveCfg = Release|Any CPU
		{0631C333-2C52-45B2-8123-D2A6BD65C30E}.Release|x64.Build.0 = Release|Any CPU
		{0631C333-2C52-45B2-8123-D2A6BD65C30E}.Release|x86.ActiveCfg = Release|Any CPU
		{0631C333-2C52-45B2-8123-D2A6BD65C30E}.Release|x86.Build.0 = Release|Any CPU
		{665F84DB-5F1D-4A2E-BE98-95E18A51D980}.Debug|Any CPU.ActiveCfg = Debug|Any CPU
		{665F84DB-5F1D-4A2E-BE98-95E18A51D980}.Debug|Any CPU.Build.0 = Debug|Any CPU
		{665F84DB-5F1D-4A2E-BE98-95E18A51D980}.Debug|x64.ActiveCfg = Debug|Any CPU
		{665F84DB-5F1D-4A2E-BE98-95E18A51D980}.Debug|x64.Build.0 = Debug|Any CPU
		{665F84DB-5F1D-4A2E-BE98-95E18A51D980}.Debug|x86.ActiveCfg = Debug|Any CPU
		{665F84DB-5F1D-4A2E-BE98-95E18A51D980}.Debug|x86.Build.0 = Debug|Any CPU
		{665F84DB-5F1D-4A2E-BE98-95E18A51D980}.Release|Any CPU.ActiveCfg = Release|Any CPU
		{665F84DB-5F1D-4A2E-BE98-95E18A51D980}.Release|Any CPU.Build.0 = Release|Any CPU
		{665F84DB-5F1D-4A2E-BE98-95E18A51D980}.Release|x64.ActiveCfg = Release|Any CPU
		{665F84DB-5F1D-4A2E-BE98-95E18A51D980}.Release|x64.Build.0 = Release|Any CPU
		{665F84DB-5F1D-4A2E-BE98-95E18A51D980}.Release|x86.ActiveCfg = Release|Any CPU
		{665F84DB-5F1D-4A2E-BE98-95E18A51D980}.Release|x86.Build.0 = Release|Any CPU
		{8C97FB24-FCCC-4782-965F-07B1DB978040}.Debug|Any CPU.ActiveCfg = Debug|Any CPU
		{8C97FB24-FCCC-4782-965F-07B1DB978040}.Debug|Any CPU.Build.0 = Debug|Any CPU
		{8C97FB24-FCCC-4782-965F-07B1DB978040}.Debug|x64.ActiveCfg = Debug|Any CPU
		{8C97FB24-FCCC-4782-965F-07B1DB978040}.Debug|x64.Build.0 = Debug|Any CPU
		{8C97FB24-FCCC-4782-965F-07B1DB978040}.Debug|x86.ActiveCfg = Debug|Any CPU
		{8C97FB24-FCCC-4782-965F-07B1DB978040}.Debug|x86.Build.0 = Debug|Any CPU
		{8C97FB24-FCCC-4782-965F-07B1DB978040}.Release|Any CPU.ActiveCfg = Release|Any CPU
		{8C97FB24-FCCC-4782-965F-07B1DB978040}.Release|Any CPU.Build.0 = Release|Any CPU
		{8C97FB24-FCCC-4782-965F-07B1DB978040}.Release|x64.ActiveCfg = Release|Any CPU
		{8C97FB24-FCCC-4782-965F-07B1DB978040}.Release|x64.Build.0 = Release|Any CPU
		{8C97FB24-FCCC-4782-965F-07B1DB978040}.Release|x86.ActiveCfg = Release|Any CPU
		{8C97FB24-FCCC-4782-965F-07B1DB978040}.Release|x86.Build.0 = Release|Any CPU
	EndGlobalSection
	GlobalSection(NestedProjects) = preSolution
		{2C00D1A7-5689-4EF6-99A3-792383EE04C3} = {B20D9928-B86C-4717-9CCD-A9C2AB4EC192}
		{355F0B49-00F4-499E-A441-C702DA947C2E} = {DA135DC6-D119-4C21-91C7-4720F203EF70}
		{7904CEA2-C3D4-46F8-92BD-D9AE7244C28B} = {DA135DC6-D119-4C21-91C7-4720F203EF70}
		{0631C333-2C52-45B2-8123-D2A6BD65C30E} = {DA135DC6-D119-4C21-91C7-4720F203EF70}
		{665F84DB-5F1D-4A2E-BE98-95E18A51D980} = {DA135DC6-D119-4C21-91C7-4720F203EF70}
		{8C97FB24-FCCC-4782-965F-07B1DB978040} = {DA135DC6-D119-4C21-91C7-4720F203EF70}
	EndGlobalSection
EndGlobal
